{
    "name": "hexo-next-publist",
    "version": "1.0.0",
    "lockfileVersion": 1,
    "requires": true,
    "dependencies": {
        "@babel/runtime-corejs3": {
            "version": "7.11.2",
            "resolved": "https://registry.npmjs.org/@babel/runtime-corejs3/-/runtime-corejs3-7.11.2.tgz",
            "integrity": "sha512-qh5IR+8VgFz83VBa6OkaET6uN/mJOhHONuy3m1sgF0CV6mXdPSEBdA7e1eUbVvyNtANjMbg22JUv71BaDXLY6A==",
            "requires": {
                "core-js-pure": "^3.0.0",
                "regenerator-runtime": "^0.13.4"
            }
        },
        "@citation-js/core": {
            "version": "0.5.0-alpha.6",
            "resolved": "https://registry.npmjs.org/@citation-js/core/-/core-0.5.0-alpha.6.tgz",
            "integrity": "sha512-fwK8EwGW+RdvpALg/keKQcWsiwzdwJxBKI2PA27rQhMI2F1Dqz7f9BaJlnLasxuvU1W3bet8oa2QcI6s3HgsQw==",
            "requires": {
                "@citation-js/date": "^0.4.4",
                "@citation-js/name": "^0.4.2",
                "isomorphic-fetch": "^2.2.1",
                "sync-fetch": "^0.2.0"
            }
        },
        "@citation-js/date": {
            "version": "0.4.4",
            "resolved": "https://registry.npmjs.org/@citation-js/date/-/date-0.4.4.tgz",
            "integrity": "sha512-wD195pZPwCCN8idhxz4HYZbf5mMnPZMRhOipcU8v1orZWqZp6YDRjOplNKo6yX7tf6fB4ZO8QLuNaNjuic5AWQ=="
        },
        "@citation-js/name": {
            "version": "0.4.2",
            "resolved": "https://registry.npmjs.org/@citation-js/name/-/name-0.4.2.tgz",
            "integrity": "sha512-brSPsjs2fOVzSnARLKu0qncn6suWjHVQtrqSUrnqyaRH95r/Ad4wPF5EsoWr+Dx8HzkCGb/ogmoAzfCsqlTwTQ=="
        },
        "@citation-js/plugin-bibjson": {
            "version": "0.5.0-alpha.6",
            "resolved": "https://registry.npmjs.org/@citation-js/plugin-bibjson/-/plugin-bibjson-0.5.0-alpha.6.tgz",
            "integrity": "sha512-yjf32os3NoNHRuCTCZmdgEaA7UuPzUQ/p4zHrR5nWjwxWPyfMHSbbFrtutr0sgZEpQaXAf3a0U1+JkKeRL92qA==",
            "requires": {
                "@citation-js/date": "^0.4.4",
                "@citation-js/name": "^0.4.2"
            }
        },
        "@citation-js/plugin-bibtex": {
            "version": "0.5.0-alpha.6",
            "resolved": "https://registry.npmjs.org/@citation-js/plugin-bibtex/-/plugin-bibtex-0.5.0-alpha.6.tgz",
            "integrity": "sha512-0s5km9VSkEObrKzHYlLkw0lyV+0VcJNJUvB37hsON01wbXG4Y8dUKaRAVNzBjQBB8WSHYkqKfhEMKRVSynLrBQ==",
            "requires": {
                "@citation-js/date": "^0.4.4",
                "@citation-js/name": "^0.4.2",
                "moo": "^0.5.1"
            }
        },
        "@citation-js/plugin-csl": {
            "version": "0.5.0-alpha.6",
            "resolved": "https://registry.npmjs.org/@citation-js/plugin-csl/-/plugin-csl-0.5.0-alpha.6.tgz",
            "integrity": "sha512-dK6qxqGj+HnUhYz8TIvU4wFxRBxSM3f396PkVWmh+omkQ1YF1jxwKzvUJwhUfR+1icTYMKlDgA3h4xt3hj/cdQ==",
            "requires": {
                "citeproc": "^2.4.6"
            }
        },
        "@citation-js/plugin-doi": {
            "version": "0.5.0-alpha.6",
            "resolved": "https://registry.npmjs.org/@citation-js/plugin-doi/-/plugin-doi-0.5.0-alpha.6.tgz",
            "integrity": "sha512-bz0xabYTuRMNjkslxJ1cG9s/VkgIMbR+r7VqOvPaw7eMf7aDMw/GwD1W6d+1UbuKyiQahvi2LzCh+CeQ8y4mbA=="
        },
        "@citation-js/plugin-ris": {
            "version": "0.5.0-alpha.6",
            "resolved": "https://registry.npmjs.org/@citation-js/plugin-ris/-/plugin-ris-0.5.0-alpha.6.tgz",
            "integrity": "sha512-NAvKAeGW02+zp1py4OdgJzgUlk75VY1ZjZuOtE8FxIRObnUsUo/aPA/MvMjLX6iXIHquc64DLvGOaoXqyVYS1A==",
            "requires": {
                "@citation-js/date": "^0.4.4",
                "@citation-js/name": "^0.4.2"
            }
        },
        "@citation-js/plugin-wikidata": {
            "version": "0.5.0-alpha.6",
            "resolved": "https://registry.npmjs.org/@citation-js/plugin-wikidata/-/plugin-wikidata-0.5.0-alpha.6.tgz",
            "integrity": "sha512-IA+AU1Caq8mtZ+rHuAKYr/bVtXbRmaRoKa7na0yHKr9R8spZur95V2edKyKBk2pnbf4F0EFjluTvWPBjPjtAkA==",
            "requires": {
                "@citation-js/date": "^0.4.4",
                "@citation-js/name": "^0.4.2",
                "wikidata-sdk": "7"
            }
        },
        "@retorquere/bibtex-parser": {
            "version": "3.2.10",
            "resolved": "https://registry.npmjs.org/@retorquere/bibtex-parser/-/bibtex-parser-3.2.10.tgz",
            "integrity": "sha512-siV8ECAR4F0pmePYd6DUwUOhEB7lku0ymdHCw0c6Rijjt+Xfoq3bq40cqZjGQ8UhteYbogyuJ+rI9jMQ9L2FKA==",
            "requires": {
                "unicode2latex": "^2.1.28",
                "xregexp": "^4.3.0"
            }
        },
        "@types/color-name": {
            "version": "1.1.1",
            "resolved": "https://registry.npmjs.org/@types/color-name/-/color-name-1.1.1.tgz",
            "integrity": "sha512-rr+OQyAjxze7GgWrSaJwydHStIhHq2lvY3BOC2Mj7KnzI7XK0Uw1TOOdI9lDoajEbSWLiYgoo4f1R51erQfhPQ==",
            "dev": true
        },
        "JSONStream": {
            "version": "1.3.5",
            "resolved": "https://registry.npmjs.org/JSONStream/-/JSONStream-1.3.5.tgz",
            "integrity": "sha512-E+iruNOY8VV9s4JEbe1aNEm6MiszPRr/UfcHMz0TQh1BXSxHK+ASV1R6W4HpjBhSeS+54PIsAMCBmwD06LLsqQ==",
            "dev": true,
            "requires": {
                "jsonparse": "^1.2.0",
                "through": ">=2.2.7 <3"
            }
        },
        "a-sync-waterfall": {
            "version": "1.0.1",
            "resolved": "https://registry.npmjs.org/a-sync-waterfall/-/a-sync-waterfall-1.0.1.tgz",
            "integrity": "sha512-RYTOHHdWipFUliRFMCS4X2Yn2X8M87V/OpSqWzKKOGhzqyUxzyVmhHDH9sAvG+ZuQf/TAOFsLCpMw09I1ufUnA==",
            "dev": true
        },
        "abbrev": {
            "version": "1.1.1",
            "resolved": "https://registry.npmjs.org/abbrev/-/abbrev-1.1.1.tgz",
            "integrity": "sha512-nne9/IiQ/hzIhY6pdDnbBtz7DjPTKrY00P/zvPSm5pOFkl6xuGrGnXn/VtTNNfNtAfZ9/1RtehkszU9qcTii0Q==",
            "dev": true
        },
        "ansi-regex": {
            "version": "5.0.0",
            "resolved": "https://registry.npmjs.org/ansi-regex/-/ansi-regex-5.0.0.tgz",
            "integrity": "sha512-bY6fj56OUQ0hU1KjFNDQuJFezqKdrAyFdIevADiqrWHwSlbmBNMHp5ak2f40Pm8JTFyM2mqxkG6ngkHO11f/lg==",
            "dev": true
        },
        "ansi-styles": {
            "version": "4.2.1",
            "resolved": "https://registry.npmjs.org/ansi-styles/-/ansi-styles-4.2.1.tgz",
            "integrity": "sha512-9VGjrMsG1vePxcSweQsN20KY/c4zN0h9fLjqAbwbPfahM3t+NL+M9HC8xeXG2I8pX5NoamTGNuomEUFI7fcUjA==",
            "dev": true,
            "requires": {
                "@types/color-name": "^1.1.1",
                "color-convert": "^2.0.1"
            }
        },
        "anymatch": {
            "version": "3.1.1",
            "resolved": "https://registry.npmjs.org/anymatch/-/anymatch-3.1.1.tgz",
            "integrity": "sha512-mM8522psRCqzV+6LhomX5wgp25YVibjh8Wj23I5RPkPppSVSjyKD2A2mBJmWGa+KN7f2D6LNh9jkBCeyLktzjg==",
            "requires": {
                "normalize-path": "^3.0.0",
                "picomatch": "^2.0.4"
            }
        },
        "archy": {
            "version": "1.0.0",
            "resolved": "https://registry.npmjs.org/archy/-/archy-1.0.0.tgz",
            "integrity": "sha1-+cjBN1fMHde8N5rHeyxipcKGjEA=",
            "dev": true
        },
        "argparse": {
            "version": "1.0.10",
            "resolved": "https://registry.npmjs.org/argparse/-/argparse-1.0.10.tgz",
            "integrity": "sha512-o5Roy6tNG4SL/FOkCAN6RzjiakZS25RLYFrcMttJqbdd8BWrnA+fGz57iN5Pb06pvBGvl5gQ0B48dJlslXvoTg==",
            "requires": {
                "sprintf-js": "~1.0.2"
            }
        },
        "asap": {
            "version": "2.0.6",
            "resolved": "https://registry.npmjs.org/asap/-/asap-2.0.6.tgz",
            "integrity": "sha1-5QNHYR1+aQlDIIu9r+vLwvuGbUY=",
            "dev": true
        },
        "base64-js": {
            "version": "1.3.1",
            "resolved": "https://registry.npmjs.org/base64-js/-/base64-js-1.3.1.tgz",
            "integrity": "sha512-mLQ4i2QO1ytvGWFWmcngKO//JXAQueZvwEKtjgQFM4jIK0kU+ytMfplL8j+n5mspOfjHwoAg+9yhb7BwAHm36g=="
        },
        "binary-extensions": {
            "version": "2.1.0",
            "resolved": "https://registry.npmjs.org/binary-extensions/-/binary-extensions-2.1.0.tgz",
            "integrity": "sha512-1Yj8h9Q+QDF5FzhMs/c9+6UntbD5MkRfRwac8DoEm9ZfUBZ7tZ55YcGVAzEe4bXsdQHEk+s9S5wsOKVdZrw0tQ=="
        },
        "bluebird": {
            "version": "3.7.2",
            "resolved": "https://registry.npmjs.org/bluebird/-/bluebird-3.7.2.tgz",
            "integrity": "sha512-XpNj6GDQzdfW+r2Wnn7xiSAd7TM3jzkxGXBGTtWKuSXv1xUV+azxAm8jdWZN06QTQk+2N2XB9jRDkvbmQmcRtg=="
        },
        "braces": {
            "version": "3.0.2",
            "resolved": "https://registry.npmjs.org/braces/-/braces-3.0.2.tgz",
            "integrity": "sha512-b8um+L1RzM3WDSzvhm6gIz1yfTbBt6YTlcEKAvsmqCZZFw46z626lVj9j1yEPW33H5H+lBQpZMP1k8l+78Ha0A==",
            "requires": {
                "fill-range": "^7.0.1"
            }
        },
        "buffer": {
            "version": "5.6.0",
            "resolved": "https://registry.npmjs.org/buffer/-/buffer-5.6.0.tgz",
            "integrity": "sha512-/gDYp/UtU0eA1ys8bOs9J6a+E/KWIY+DZ+Q2WESNUA0jFRsJOc0SNUO6xJ5SGA1xueg3NL65W6s+NY5l9cunuw==",
            "requires": {
                "base64-js": "^1.0.2",
                "ieee754": "^1.1.4"
            }
        },
        "camel-case": {
            "version": "4.1.1",
            "resolved": "https://registry.npmjs.org/camel-case/-/camel-case-4.1.1.tgz",
            "integrity": "sha512-7fa2WcG4fYFkclIvEmxBbTvmibwF2/agfEBc6q3lOpVu0A13ltLsA+Hr/8Hp6kp5f+G7hKi6t8lys6XxP+1K6Q==",
            "requires": {
                "pascal-case": "^3.1.1",
                "tslib": "^1.10.0"
            }
        },
        "chalk": {
            "version": "4.1.0",
            "resolved": "https://registry.npmjs.org/chalk/-/chalk-4.1.0.tgz",
            "integrity": "sha512-qwx12AxXe2Q5xQ43Ac//I6v5aXTipYrSESdOgzrN+9XjgEpyjpKuvSGaN4qE93f7TQTlerQQ8S+EQ0EyDoVL1A==",
            "dev": true,
            "requires": {
                "ansi-styles": "^4.1.0",
                "supports-color": "^7.1.0"
            }
        },
        "chokidar": {
            "version": "3.4.2",
            "resolved": "https://registry.npmjs.org/chokidar/-/chokidar-3.4.2.tgz",
            "integrity": "sha512-IZHaDeBeI+sZJRX7lGcXsdzgvZqKv6sECqsbErJA4mHWfpRrD8B97kSFN4cQz6nGBGiuFia1MKR4d6c1o8Cv7A==",
            "requires": {
                "anymatch": "~3.1.1",
                "braces": "~3.0.2",
                "fsevents": "~2.1.2",
                "glob-parent": "~5.1.0",
                "is-binary-path": "~2.1.0",
                "is-glob": "~4.0.1",
                "normalize-path": "~3.0.0",
                "readdirp": "~3.4.0"
            }
        },
        "citation-js": {
            "version": "0.5.0-alpha.6",
            "resolved": "https://registry.npmjs.org/citation-js/-/citation-js-0.5.0-alpha.6.tgz",
            "integrity": "sha512-lh9qErPKVzIfRwvEx25FZnVXcDTiTKlfe7pL2iYAXlBQk1vnLeur51fw8U1fAc1BtX9B1SpB8YZP20k5VGyQbA==",
            "requires": {
                "@citation-js/cli": "0.5.0-alpha.6",
                "@citation-js/core": "0.5.0-alpha.6",
                "@citation-js/date": "0.4.4",
                "@citation-js/name": "0.4.2",
                "@citation-js/plugin-bibjson": "0.5.0-alpha.6",
                "@citation-js/plugin-bibtex": "0.5.0-alpha.6",
                "@citation-js/plugin-csl": "0.5.0-alpha.6",
                "@citation-js/plugin-doi": "0.5.0-alpha.6",
                "@citation-js/plugin-ris": "0.5.0-alpha.6",
                "@citation-js/plugin-wikidata": "0.5.0-alpha.6",
                "citeproc": "^2.4.6"
            },
            "dependencies": {
                "@citation-js/cli": {
                    "version": "0.5.0-alpha.6",
                    "resolved": "https://registry.npmjs.org/@citation-js/cli/-/cli-0.5.0-alpha.6.tgz",
                    "integrity": "sha512-rZkXZznt4e+lp7pPfyi5iDK2rT0n5KSjnMMLlCq8OfV0D+11QzFr8fADcFK3gr+1oVyjKw+BE3ExBCmU4apYkA==",
                    "requires": {
                        "@citation-js/core": "^0.5.0-alpha.6",
                        "@citation-js/plugin-bibjson": "^0.5.0-alpha.6",
                        "@citation-js/plugin-bibtex": "^0.5.0-alpha.6",
                        "@citation-js/plugin-csl": "^0.5.0-alpha.6",
                        "@citation-js/plugin-doi": "^0.5.0-alpha.6",
                        "@citation-js/plugin-ris": "^0.5.0-alpha.6",
                        "@citation-js/plugin-wikidata": "^0.5.0-alpha.6",
                        "commander": "^5.1.0"
                    }
                }
            }
        },
        "citeproc": {
            "version": "2.4.13",
            "resolved": "https://registry.npmjs.org/citeproc/-/citeproc-2.4.13.tgz",
            "integrity": "sha512-UE38cqcQuL+v3SRsmiESETYXgkDj+T7ieEG4e85DPd8OXeqPQ812KR9aMiTl03NvgG2TRRclhFffyrnwOXSCYQ=="
        },
        "clipboard": {
            "version": "2.0.6",
            "resolved": "https://registry.npmjs.org/clipboard/-/clipboard-2.0.6.tgz",
            "integrity": "sha512-g5zbiixBRk/wyKakSwCKd7vQXDjFnAMGHoEyBogG/bw9kTD9GvdAvaoRR1ALcEzt3pVKxZR0pViekPMIS0QyGg==",
            "optional": true,
            "requires": {
                "good-listener": "^1.2.2",
                "select": "^1.1.2",
                "tiny-emitter": "^2.0.0"
            }
        },
        "color-convert": {
            "version": "2.0.1",
            "resolved": "https://registry.npmjs.org/color-convert/-/color-convert-2.0.1.tgz",
            "integrity": "sha512-RRECPsj7iu/xb5oKYcsFHSppFNnsj/52OVTRKb4zP5onXwVF3zVmmToNcOfGC+CRDpfK/U584fMg38ZHCaElKQ==",
            "dev": true,
            "requires": {
                "color-name": "~1.1.4"
            }
        },
        "color-name": {
            "version": "1.1.4",
            "resolved": "https://registry.npmjs.org/color-name/-/color-name-1.1.4.tgz",
            "integrity": "sha512-dOy+3AuW3a2wNbZHIuMZpTcgjGuLU/uBL/ubcZF9OXbDo8ff4O8yVp5Bf0efS8uEoYo5q4Fx7dY9OgQGXgAsQA==",
            "dev": true
        },
        "command-exists": {
            "version": "1.2.9",
            "resolved": "https://registry.npmjs.org/command-exists/-/command-exists-1.2.9.tgz",
            "integrity": "sha512-LTQ/SGc+s0Xc0Fu5WaKnR0YiygZkm9eKFvyS+fRsU7/ZWFF8ykFM6Pc9aCVf1+xasOOZpO3BAVgVrKvsqKHV7w==",
            "dev": true
        },
        "commander": {
            "version": "5.1.0",
            "resolved": "https://registry.npmjs.org/commander/-/commander-5.1.0.tgz",
            "integrity": "sha512-P0CysNDQ7rtVw4QIQtm+MRxV66vKFSvlsQvGYXZWR3qFU0jlMKHZZZgw8e+8DSah4UDKMqnknRDQz+xuQXQ/Zg=="
        },
        "core-js-pure": {
            "version": "3.6.5",
            "resolved": "https://registry.npmjs.org/core-js-pure/-/core-js-pure-3.6.5.tgz",
            "integrity": "sha512-lacdXOimsiD0QyNf9BC/mxivNJ/ybBGJXQFKzRekp1WTHoVUWsUHEn+2T8GJAzzIhyOuXA+gOxCVN3l+5PLPUA=="
        },
        "cross-spawn": {
            "version": "7.0.3",
            "resolved": "https://registry.npmjs.org/cross-spawn/-/cross-spawn-7.0.3.tgz",
            "integrity": "sha512-iRDPJKUPVEND7dHPO8rkbOnPpyDygcDFtWjpeWNCgy8WP2rXcxXL8TskReQl6OrB2G7+UJrags1q15Fudc7G6w==",
            "requires": {
                "path-key": "^3.1.0",
                "shebang-command": "^2.0.0",
                "which": "^2.0.1"
            }
        },
        "cuid": {
            "version": "2.1.8",
            "resolved": "https://registry.npmjs.org/cuid/-/cuid-2.1.8.tgz",
            "integrity": "sha512-xiEMER6E7TlTPnDxrM4eRiC6TRgjNX9xzEZ5U/Se2YJKr7Mq4pJn/2XEHjl3STcSh96GmkHPcBXLES8M29wyyg==",
            "dev": true
        },
        "deepmerge": {
            "version": "4.2.2",
            "resolved": "https://registry.npmjs.org/deepmerge/-/deepmerge-4.2.2.tgz",
            "integrity": "sha512-FJ3UgI4gIl+PHZm53knsuSFpE+nESMr7M4v9QcgB7S63Kj/6WqMiFQJpBBYz1Pt+66bZpP3Q7Lye0Oo9MPKEdg=="
        },
        "delegate": {
            "version": "3.2.0",
            "resolved": "https://registry.npmjs.org/delegate/-/delegate-3.2.0.tgz",
            "integrity": "sha512-IofjkYBZaZivn0V8nnsMJGBr4jVLxHDheKSW88PyxS5QC4Vo9ZbZVvhzlSxY87fVq3STR6r+4cGepyHkcWOQSw==",
            "optional": true
        },
        "dom-serializer": {
            "version": "1.0.1",
            "resolved": "https://registry.npmjs.org/dom-serializer/-/dom-serializer-1.0.1.tgz",
            "integrity": "sha512-1Aj1Qy3YLbdslkI75QEOfdp9TkQ3o8LRISAzxOibjBs/xWwr1WxZFOQphFkZuepHFGo+kB8e5FVJSS0faAJ4Rw==",
            "requires": {
                "domelementtype": "^2.0.1",
                "domhandler": "^3.0.0",
                "entities": "^2.0.0"
            }
        },
        "domelementtype": {
            "version": "2.0.1",
            "resolved": "https://registry.npmjs.org/domelementtype/-/domelementtype-2.0.1.tgz",
            "integrity": "sha512-5HOHUDsYZWV8FGWN0Njbr/Rn7f/eWSQi1v7+HsUVwXgn8nWWlL64zKDkS0n8ZmQ3mlWOMuXOnR+7Nx/5tMO5AQ=="
        },
        "domhandler": {
            "version": "3.0.0",
            "resolved": "https://registry.npmjs.org/domhandler/-/domhandler-3.0.0.tgz",
            "integrity": "sha512-eKLdI5v9m67kbXQbJSNn1zjh0SDzvzWVWtX+qEI3eMjZw8daH9k8rlj1FZY9memPwjiskQFbe7vHVVJIAqoEhw==",
            "requires": {
                "domelementtype": "^2.0.1"
            }
        },
        "domutils": {
            "version": "2.2.0",
            "resolved": "https://registry.npmjs.org/domutils/-/domutils-2.2.0.tgz",
            "integrity": "sha512-0haAxVr1PR0SqYwCH7mxMpHZUwjih9oPPedqpR/KufsnxPyZ9dyVw1R5093qnJF3WXSbjBkdzRWLw/knJV/fAg==",
            "requires": {
                "dom-serializer": "^1.0.1",
                "domelementtype": "^2.0.1",
                "domhandler": "^3.0.0"
            }
        },
        "encoding": {
            "version": "0.1.13",
            "resolved": "https://registry.npmjs.org/encoding/-/encoding-0.1.13.tgz",
            "integrity": "sha512-ETBauow1T35Y/WZMkio9jiM0Z5xjHHmJ4XmjZOq1l/dXz3lr2sRn87nJy20RupqSh1F2m3HHPSp8ShIPQJrJ3A==",
            "requires": {
                "iconv-lite": "^0.6.2"
            }
        },
        "entities": {
            "version": "2.0.3",
            "resolved": "https://registry.npmjs.org/entities/-/entities-2.0.3.tgz",
            "integrity": "sha512-MyoZ0jgnLvB2X3Lg5HqpFmn1kybDiIfEQmKzTb5apr51Rb+T3KdmMiqa70T+bhGnyv7bQ6WMj2QMHpGMmlrUYQ=="
        },
        "esprima": {
            "version": "4.0.1",
            "resolved": "https://registry.npmjs.org/esprima/-/esprima-4.0.1.tgz",
            "integrity": "sha512-eGuFFw7Upda+g4p+QHvnW0RyTX/SVeJBDM/gCtMARO0cLuT2HcEKnTPvhjV6aGeqrCB/sbNop0Kszm0jsaWU4A=="
        },
        "fill-range": {
            "version": "7.0.1",
            "resolved": "https://registry.npmjs.org/fill-range/-/fill-range-7.0.1.tgz",
            "integrity": "sha512-qOo9F+dMUmC2Lcb4BbVvnKJxTPjCm+RRpe4gDuGrzkL7mEVl/djYSu2OdQ2Pa302N4oqkSg9ir6jaLWJ2USVpQ==",
            "requires": {
                "to-regex-range": "^5.0.1"
            }
        },
        "fsevents": {
            "version": "2.1.3",
            "resolved": "https://registry.npmjs.org/fsevents/-/fsevents-2.1.3.tgz",
            "integrity": "sha512-Auw9a4AxqWpa9GUfj370BMPzzyncfBABW8Mab7BGWBYDj4Isgq+cDKtx0i6u9jcX9pQDnswsaaOTgTmA5pEjuQ==",
            "optional": true
        },
        "glob-parent": {
            "version": "5.1.1",
            "resolved": "https://registry.npmjs.org/glob-parent/-/glob-parent-5.1.1.tgz",
            "integrity": "sha512-FnI+VGOpnlGHWZxthPGR+QhR78fuiK0sNLkHQv+bL9fQi57lNNdquIbna/WrfROrolq8GK5Ek6BiMwqL/voRYQ==",
            "requires": {
                "is-glob": "^4.0.1"
            }
        },
        "good-listener": {
            "version": "1.2.2",
            "resolved": "https://registry.npmjs.org/good-listener/-/good-listener-1.2.2.tgz",
            "integrity": "sha1-1TswzfkxPf+33JoNR3CWqm0UXFA=",
            "optional": true,
            "requires": {
                "delegate": "^3.1.2"
            }
        },
        "graceful-fs": {
            "version": "4.2.4",
            "resolved": "https://registry.npmjs.org/graceful-fs/-/graceful-fs-4.2.4.tgz",
            "integrity": "sha512-WjKPNJF79dtJAVniUlGGWHYGz2jWxT6VhN/4m1NdkbZ2nOsEF+cI1Edgql5zCRhs/VsQYRvrXctxktVXZUkixw=="
        },
        "has-flag": {
            "version": "4.0.0",
            "resolved": "https://registry.npmjs.org/has-flag/-/has-flag-4.0.0.tgz",
            "integrity": "sha512-EykJT/Q1KjTWctppgIAgfSO0tKVuZUjhgMr17kqTumMl6Afv3EISleU7qZUzoXDFTAHTDC4NOoG/ZxU3EvlMPQ==",
            "dev": true
        },
        "hexo": {
            "version": "5.0.2",
            "resolved": "https://registry.npmjs.org/hexo/-/hexo-5.0.2.tgz",
            "integrity": "sha512-4tbZqBJHL6QfCLelz+rZjGipVBqQ0TXISi6bjJQpHQuWQtwmMgehVMH8na66y4P4fSRRP17JwReo38oIZ3EINQ==",
            "dev": true,
            "requires": {
                "abbrev": "^1.1.1",
                "archy": "^1.0.0",
                "bluebird": "^3.5.2",
                "chalk": "^4.0.0",
                "hexo-cli": "^4.0.0",
                "hexo-front-matter": "^2.0.0",
                "hexo-fs": "^3.1.0",
                "hexo-i18n": "^1.0.0",
                "hexo-log": "^2.0.0",
                "hexo-util": "^2.2.0",
                "js-yaml": "^3.12.0",
                "micromatch": "^4.0.2",
                "moment": "^2.22.2",
                "moment-timezone": "^0.5.21",
                "nunjucks": "^3.2.1",
                "pretty-hrtime": "^1.0.3",
                "resolve": "^1.8.1",
                "strip-ansi": "^6.0.0",
                "text-table": "^0.2.0",
                "tildify": "^2.0.0",
                "titlecase": "^1.1.2",
                "warehouse": "^4.0.0"
            },
            "dependencies": {
                "hexo-cli": {
                    "version": "4.2.0",
                    "resolved": "https://registry.npmjs.org/hexo-cli/-/hexo-cli-4.2.0.tgz",
                    "integrity": "sha512-NJQYKnD41KUlNZzEyi8wDzPeGhrjwLLTa05dtkwq+lJch+j9idZTh4dgn3w/82o6Q/zygn+ibO1XvihMfFdSfw==",
                    "dev": true,
                    "requires": {
                        "abbrev": "^1.1.1",
                        "bluebird": "^3.5.5",
                        "chalk": "^4.0.0",
                        "command-exists": "^1.2.8",
                        "hexo-fs": "^3.0.1",
                        "hexo-log": "^2.0.0",
                        "hexo-util": "^2.0.0",
                        "minimist": "^1.2.5",
                        "resolve": "^1.11.0",
                        "tildify": "^2.0.0"
                    }
                }
            }
        },
        "hexo-cli": {
            "version": "4.2.0",
            "resolved": "https://registry.npmjs.org/hexo-cli/-/hexo-cli-4.2.0.tgz",
            "integrity": "sha512-NJQYKnD41KUlNZzEyi8wDzPeGhrjwLLTa05dtkwq+lJch+j9idZTh4dgn3w/82o6Q/zygn+ibO1XvihMfFdSfw==",
            "dev": true,
            "requires": {
                "abbrev": "^1.1.1",
                "bluebird": "^3.5.5",
                "chalk": "^4.0.0",
                "command-exists": "^1.2.8",
                "hexo-fs": "^3.0.1",
                "hexo-log": "^2.0.0",
                "hexo-util": "^2.0.0",
                "minimist": "^1.2.5",
                "resolve": "^1.11.0",
                "tildify": "^2.0.0"
            }
        },
        "hexo-front-matter": {
            "version": "2.0.0",
            "resolved": "https://registry.npmjs.org/hexo-front-matter/-/hexo-front-matter-2.0.0.tgz",
            "integrity": "sha512-IR3tjAyK2Ga/0a/WDAoNy5+n3ju2/mkuAsCDEeGgGLf5+7kkiOkkG/FrnueuYgz0h2MPfWDLBiDsSTCmB0sLCA==",
            "dev": true,
            "requires": {
                "js-yaml": "^3.13.1"
            }
        },
        "hexo-fs": {
            "version": "3.1.0",
            "resolved": "https://registry.npmjs.org/hexo-fs/-/hexo-fs-3.1.0.tgz",
            "integrity": "sha512-SfoDH7zlU9Iop+bAfEONXezbNIkpVX1QqjNCBYpapilZR+xVOCfTEdlNixanrKBbLGPb2fXqrdDBFgrKuiVGQQ==",
            "requires": {
                "bluebird": "^3.5.1",
                "chokidar": "^3.0.0",
                "graceful-fs": "^4.1.11",
                "hexo-util": "^2.0.0"
            }
        },
        "hexo-i18n": {
            "version": "1.0.0",
            "resolved": "https://registry.npmjs.org/hexo-i18n/-/hexo-i18n-1.0.0.tgz",
            "integrity": "sha512-yw90JHr7ybUHN/QOkpHmlWJj1luVk5/v8CUU5NRA0n4TFp6av8NT7ujZ10GDawgnQEdMHnN5PUfAbNIVGR6axg==",
            "dev": true,
            "requires": {
                "sprintf-js": "^1.0.3"
            }
        },
        "hexo-log": {
            "version": "2.0.0",
            "resolved": "https://registry.npmjs.org/hexo-log/-/hexo-log-2.0.0.tgz",
            "integrity": "sha512-U7zdDae74pXcyhQEyNmpJdq3UI6zWKxQ7/zLoMr/d3CBRdIfB5yO8DWqKUnewfibYv0gODyTWUIhxQDWuwloow==",
            "dev": true,
            "requires": {
                "chalk": "^4.0.0"
            }
        },
        "hexo-theme-next": {
            "version": "8.0.0-rc.5",
            "resolved": "https://registry.npmjs.org/hexo-theme-next/-/hexo-theme-next-8.0.0-rc.5.tgz",
            "integrity": "sha512-SI09BttngdWHKavc+eeg/z9sJOrOTTipKoHwJpuPtznvbVvFCaf+c4fvuMxL3ZkfZ008Tedu0TNaOfaYG0ktYQ=="
        },
        "hexo-util": {
            "version": "2.3.0",
            "resolved": "https://registry.npmjs.org/hexo-util/-/hexo-util-2.3.0.tgz",
            "integrity": "sha512-TmS88BiCrAoqiPDM0ebvxZU/EYjyD5hrKPkJ1wUcHEnm2d14NhXxHzYULzE9EgbdHSUaXgMZC5yg2WMxDiYOLg==",
            "requires": {
                "bluebird": "^3.5.2",
                "camel-case": "^4.0.0",
                "cross-spawn": "^7.0.0",
                "deepmerge": "^4.2.2",
                "highlight.js": "^10.0.0",
                "htmlparser2": "^4.0.0",
                "prismjs": "^1.17.1",
                "strip-indent": "^3.0.0",
                "striptags": "^3.1.1"
            }
        },
        "highlight.js": {
            "version": "10.1.2",
            "resolved": "https://registry.npmjs.org/highlight.js/-/highlight.js-10.1.2.tgz",
            "integrity": "sha512-Q39v/Mn5mfBlMff9r+zzA+gWxRsCRKwEMvYTiisLr/XUiFI/4puWt0Ojdko3R3JCNWGdOWaA5g/Yxqa23kC5AA=="
        },
        "htmlparser2": {
            "version": "4.1.0",
            "resolved": "https://registry.npmjs.org/htmlparser2/-/htmlparser2-4.1.0.tgz",
            "integrity": "sha512-4zDq1a1zhE4gQso/c5LP1OtrhYTncXNSpvJYtWJBtXAETPlMfi3IFNjGuQbYLuVY4ZR0QMqRVvo4Pdy9KLyP8Q==",
            "requires": {
                "domelementtype": "^2.0.1",
                "domhandler": "^3.0.0",
                "domutils": "^2.0.0",
                "entities": "^2.0.0"
            }
        },
        "iconv-lite": {
            "version": "0.6.2",
            "resolved": "https://registry.npmjs.org/iconv-lite/-/iconv-lite-0.6.2.tgz",
            "integrity": "sha512-2y91h5OpQlolefMPmUlivelittSWy0rP+oYVpn6A7GwVHNE8AWzoYOBNmlwks3LobaJxgHCYZAnyNo2GgpNRNQ==",
            "requires": {
                "safer-buffer": ">= 2.1.2 < 3.0.0"
            }
        },
        "ieee754": {
            "version": "1.1.13",
            "resolved": "https://registry.npmjs.org/ieee754/-/ieee754-1.1.13.tgz",
            "integrity": "sha512-4vf7I2LYV/HaWerSo3XmlMkp5eZ83i+/CDluXi/IGTs/O1sejBNhTtnxzmRZfvOUqj7lZjqHkeTvpgSFDlWZTg=="
        },
        "is-binary-path": {
            "version": "2.1.0",
            "resolved": "https://registry.npmjs.org/is-binary-path/-/is-binary-path-2.1.0.tgz",
            "integrity": "sha512-ZMERYes6pDydyuGidse7OsHxtbI7WVeUEozgR/g7rd0xUimYNlvZRE/K2MgZTjWy725IfelLeVcEM97mmtRGXw==",
            "requires": {
                "binary-extensions": "^2.0.0"
            }
        },
        "is-extglob": {
            "version": "2.1.1",
            "resolved": "https://registry.npmjs.org/is-extglob/-/is-extglob-2.1.1.tgz",
            "integrity": "sha1-qIwCU1eR8C7TfHahueqXc8gz+MI="
        },
        "is-glob": {
            "version": "4.0.1",
            "resolved": "https://registry.npmjs.org/is-glob/-/is-glob-4.0.1.tgz",
            "integrity": "sha512-5G0tKtBTFImOqDnLB2hG6Bp2qcKEFduo4tZu9MT/H6NQv/ghhy30o55ufafxJ/LdH79LLs2Kfrn85TLKyA7BUg==",
            "requires": {
                "is-extglob": "^2.1.1"
            }
        },
        "is-number": {
            "version": "7.0.0",
            "resolved": "https://registry.npmjs.org/is-number/-/is-number-7.0.0.tgz",
            "integrity": "sha512-41Cifkg6e8TylSpdtTpeLVMqvSBEVzTttHvERD741+pnZ8ANv0004MRL43QKPDlK9cGvNp6NZWZUBlbGXYxxng=="
        },
        "is-plain-object": {
            "version": "3.0.1",
            "resolved": "https://registry.npmjs.org/is-plain-object/-/is-plain-object-3.0.1.tgz",
            "integrity": "sha512-Xnpx182SBMrr/aBik8y+GuR4U1L9FqMSojwDQwPMmxyC6bvEqly9UBCxhauBF5vNh2gwWJNX6oDV7O+OM4z34g==",
            "dev": true
        },
        "is-stream": {
            "version": "1.1.0",
            "resolved": "https://registry.npmjs.org/is-stream/-/is-stream-1.1.0.tgz",
            "integrity": "sha1-EtSj3U5o4Lec6428hBc66A2RykQ="
        },
        "isexe": {
            "version": "2.0.0",
            "resolved": "https://registry.npmjs.org/isexe/-/isexe-2.0.0.tgz",
            "integrity": "sha1-6PvzdNxVb/iUehDcsFctYz8s+hA="
        },
        "isomorphic-fetch": {
            "version": "2.2.1",
            "resolved": "https://registry.npmjs.org/isomorphic-fetch/-/isomorphic-fetch-2.2.1.tgz",
            "integrity": "sha1-YRrhrPFPXoH3KVB0coGf6XM1WKk=",
            "requires": {
                "node-fetch": "^1.0.1",
                "whatwg-fetch": ">=0.10.0"
            }
        },
        "js-yaml": {
            "version": "3.14.0",
            "resolved": "https://registry.npmjs.org/js-yaml/-/js-yaml-3.14.0.tgz",
            "integrity": "sha512-/4IbIeHcD9VMHFqDR/gQ7EdZdLimOvW2DdcxFjdyyZ9NsbS+ccrXqVWDtab/lRl5AlUqmpBx8EhPaWR+OtY17A==",
            "requires": {
                "argparse": "^1.0.7",
                "esprima": "^4.0.0"
            }
        },
        "jsonparse": {
            "version": "1.3.1",
            "resolved": "https://registry.npmjs.org/jsonparse/-/jsonparse-1.3.1.tgz",
            "integrity": "sha1-P02uSpH6wxX3EGL4UhzCOfE2YoA=",
            "dev": true
        },
        "lodash": {
            "version": "4.17.20",
            "resolved": "https://registry.npmjs.org/lodash/-/lodash-4.17.20.tgz",
            "integrity": "sha512-PlhdFcillOINfeV7Ni6oF1TAEayyZBoZ8bcshTHqOYJYlrqzRK5hagpagky5o4HfCzzd1TRkXPMFq6cKk9rGmA=="
        },
        "lower-case": {
            "version": "2.0.1",
            "resolved": "https://registry.npmjs.org/lower-case/-/lower-case-2.0.1.tgz",
            "integrity": "sha512-LiWgfDLLb1dwbFQZsSglpRj+1ctGnayXz3Uv0/WO8n558JycT5fg6zkNcnW0G68Nn0aEldTFeEfmjCfmqry/rQ==",
            "requires": {
                "tslib": "^1.10.0"
            }
        },
        "micromatch": {
            "version": "4.0.2",
            "resolved": "https://registry.npmjs.org/micromatch/-/micromatch-4.0.2.tgz",
            "integrity": "sha512-y7FpHSbMUMoyPbYUSzO6PaZ6FyRnQOpHuKwbo1G+Knck95XVU4QAiKdGEnj5wwoS7PlOgthX/09u5iFJ+aYf5Q==",
            "dev": true,
            "requires": {
                "braces": "^3.0.1",
                "picomatch": "^2.0.5"
            }
        },
        "min-indent": {
            "version": "1.0.1",
            "resolved": "https://registry.npmjs.org/min-indent/-/min-indent-1.0.1.tgz",
            "integrity": "sha512-I9jwMn07Sy/IwOj3zVkVik2JTvgpaykDZEigL6Rx6N9LbMywwUSMtxET+7lVoDLLd3O3IXwJwvuuns8UB/HeAg=="
        },
        "minimist": {
            "version": "1.2.5",
            "resolved": "https://registry.npmjs.org/minimist/-/minimist-1.2.5.tgz",
            "integrity": "sha512-FM9nNUYrRBAELZQT3xeZQ7fmMOBg6nWNmJKTcgsJeaLstP/UODVpGsr5OhXhhXg6f+qtJ8uiZ+PUxkDWcgIXLw==",
            "dev": true
        },
        "moment": {
            "version": "2.27.0",
            "resolved": "https://registry.npmjs.org/moment/-/moment-2.27.0.tgz",
            "integrity": "sha512-al0MUK7cpIcglMv3YF13qSgdAIqxHTO7brRtaz3DlSULbqfazqkc5kEjNrLDOM7fsjshoFIihnU8snrP7zUvhQ=="
        },
        "moment-timezone": {
            "version": "0.5.31",
            "resolved": "https://registry.npmjs.org/moment-timezone/-/moment-timezone-0.5.31.tgz",
            "integrity": "sha512-+GgHNg8xRhMXfEbv81iDtrVeTcWt0kWmTEY1XQK14dICTXnWJnT0dxdlPspwqF3keKMVPXwayEsk1DI0AA/jdA==",
            "dev": true,
            "requires": {
                "moment": ">= 2.9.0"
            }
        },
        "moo": {
            "version": "0.5.1",
            "resolved": "https://registry.npmjs.org/moo/-/moo-0.5.1.tgz",
            "integrity": "sha512-I1mnb5xn4fO80BH9BLcF0yLypy2UKl+Cb01Fu0hJRkJjlCRtxZMWkTdAtDd5ZqCOxtCkhmRwyI57vWT+1iZ67w=="
        },
        "no-case": {
            "version": "3.0.3",
            "resolved": "https://registry.npmjs.org/no-case/-/no-case-3.0.3.tgz",
            "integrity": "sha512-ehY/mVQCf9BL0gKfsJBvFJen+1V//U+0HQMPrWct40ixE4jnv0bfvxDbWtAHL9EcaPEOJHVVYKoQn1TlZUB8Tw==",
            "requires": {
                "lower-case": "^2.0.1",
                "tslib": "^1.10.0"
            }
        },
        "node-fetch": {
            "version": "1.7.3",
            "resolved": "https://registry.npmjs.org/node-fetch/-/node-fetch-1.7.3.tgz",
            "integrity": "sha512-NhZ4CsKx7cYm2vSrBAr2PvFOe6sWDf0UYLRqA6svUYg7+/TSfVAu49jYC4BvQ4Sms9SZgdqGBgroqfDhJdTyKQ==",
            "requires": {
                "encoding": "^0.1.11",
                "is-stream": "^1.0.1"
            }
        },
        "normalize-path": {
            "version": "3.0.0",
            "resolved": "https://registry.npmjs.org/normalize-path/-/normalize-path-3.0.0.tgz",
            "integrity": "sha512-6eZs5Ls3WtCisHWp9S2GUy8dqkpGi4BVSz3GaqiE6ezub0512ESztXUwUB6C6IKbQkY2Pnb/mD4WYojCRwcwLA=="
        },
        "nunjucks": {
            "version": "3.2.2",
            "resolved": "https://registry.npmjs.org/nunjucks/-/nunjucks-3.2.2.tgz",
            "integrity": "sha512-KUi85OoF2NMygwODAy28Lh9qHmq5hO3rBlbkYoC8v377h4l8Pt5qFjILl0LWpMbOrZ18CzfVVUvIHUIrtED3sA==",
            "dev": true,
            "requires": {
                "a-sync-waterfall": "^1.0.0",
                "asap": "^2.0.3",
                "chokidar": "^3.3.0",
                "commander": "^5.1.0"
            }
        },
        "pascal-case": {
            "version": "3.1.1",
            "resolved": "https://registry.npmjs.org/pascal-case/-/pascal-case-3.1.1.tgz",
            "integrity": "sha512-XIeHKqIrsquVTQL2crjq3NfJUxmdLasn3TYOU0VBM+UX2a6ztAWBlJQBePLGY7VHW8+2dRadeIPK5+KImwTxQA==",
            "requires": {
                "no-case": "^3.0.3",
                "tslib": "^1.10.0"
            }
        },
        "path-key": {
            "version": "3.1.1",
            "resolved": "https://registry.npmjs.org/path-key/-/path-key-3.1.1.tgz",
            "integrity": "sha512-ojmeN0qd+y0jszEtoY48r0Peq5dwMEkIlCOu6Q5f41lfkswXuKtYrhgoTpLnyIcHm24Uhqx+5Tqm2InSwLhE6Q=="
        },
        "path-parse": {
            "version": "1.0.6",
            "resolved": "https://registry.npmjs.org/path-parse/-/path-parse-1.0.6.tgz",
            "integrity": "sha512-GSmOT2EbHrINBf9SR7CDELwlJ8AENk3Qn7OikK4nFYAu3Ote2+JYNVvkpAEQm3/TLNEJFD/xZJjzyxg3KBWOzw==",
            "dev": true
        },
        "picomatch": {
            "version": "2.2.2",
            "resolved": "https://registry.npmjs.org/picomatch/-/picomatch-2.2.2.tgz",
            "integrity": "sha512-q0M/9eZHzmr0AulXyPwNfZjtwZ/RBZlbN3K3CErVrk50T2ASYI7Bye0EvekFY3IP1Nt2DHu0re+V2ZHIpMkuWg=="
        },
        "pretty-hrtime": {
            "version": "1.0.3",
            "resolved": "https://registry.npmjs.org/pretty-hrtime/-/pretty-hrtime-1.0.3.tgz",
            "integrity": "sha1-t+PqQkNaTJsnWdmeDyAesZWALuE=",
            "dev": true
        },
        "prismjs": {
            "version": "1.21.0",
            "resolved": "https://registry.npmjs.org/prismjs/-/prismjs-1.21.0.tgz",
            "integrity": "sha512-uGdSIu1nk3kej2iZsLyDoJ7e9bnPzIgY0naW/HdknGj61zScaprVEVGHrPoXqI+M9sP0NDnTK2jpkvmldpuqDw==",
            "requires": {
                "clipboard": "^2.0.0"
            }
        },
        "punycode": {
            "version": "1.3.2",
            "resolved": "https://registry.npmjs.org/punycode/-/punycode-1.3.2.tgz",
            "integrity": "sha1-llOgNvt8HuQjQvIyXM7v6jkmxI0="
        },
        "querystring": {
            "version": "0.2.0",
            "resolved": "https://registry.npmjs.org/querystring/-/querystring-0.2.0.tgz",
            "integrity": "sha1-sgmEkgO7Jd+CDadW50cAWHhSFiA="
        },
        "readdirp": {
            "version": "3.4.0",
            "resolved": "https://registry.npmjs.org/readdirp/-/readdirp-3.4.0.tgz",
            "integrity": "sha512-0xe001vZBnJEK+uKcj8qOhyAKPzIT+gStxWr3LCB0DwcXR5NZJ3IaC+yGnHCYzB/S7ov3m3EEbZI2zeNvX+hGQ==",
            "requires": {
                "picomatch": "^2.2.1"
            }
        },
        "regenerator-runtime": {
            "version": "0.13.7",
            "resolved": "https://registry.npmjs.org/regenerator-runtime/-/regenerator-runtime-0.13.7.tgz",
            "integrity": "sha512-a54FxoJDIr27pgf7IgeQGxmqUNYrcV338lf/6gH456HZ/PhX+5BcwHXG9ajESmwe6WRO0tAzRUrRmNONWgkrew=="
        },
        "resolve": {
            "version": "1.17.0",
            "resolved": "https://registry.npmjs.org/resolve/-/resolve-1.17.0.tgz",
            "integrity": "sha512-ic+7JYiV8Vi2yzQGFWOkiZD5Z9z7O2Zhm9XMaTxdJExKasieFCr+yXZ/WmXsckHiKl12ar0y6XiXDx3m4RHn1w==",
            "dev": true,
            "requires": {
                "path-parse": "^1.0.6"
            }
        },
        "rfdc": {
            "version": "1.1.4",
            "resolved": "https://registry.npmjs.org/rfdc/-/rfdc-1.1.4.tgz",
            "integrity": "sha512-5C9HXdzK8EAqN7JDif30jqsBzavB7wLpaubisuQIGHWf2gUXSpzy6ArX/+Da8RjFpagWsCn+pIgxTMAmKw9Zug==",
            "dev": true
        },
        "safer-buffer": {
            "version": "2.1.2",
            "resolved": "https://registry.npmjs.org/safer-buffer/-/safer-buffer-2.1.2.tgz",
            "integrity": "sha512-YZo3K82SD7Riyi0E1EQPojLz7kpepnSQI9IyPbHHg1XXXevb5dJI7tpyN2ADxGcQbHG7vcyRHk0cbwqcQriUtg=="
        },
        "select": {
            "version": "1.1.2",
            "resolved": "https://registry.npmjs.org/select/-/select-1.1.2.tgz",
            "integrity": "sha1-DnNQrN7ICxEIUoeG7B1EGNEbOW0=",
            "optional": true
        },
        "shebang-command": {
            "version": "2.0.0",
            "resolved": "https://registry.npmjs.org/shebang-command/-/shebang-command-2.0.0.tgz",
            "integrity": "sha512-kHxr2zZpYtdmrN1qDjrrX/Z1rR1kG8Dx+gkpK1G4eXmvXswmcE1hTWBWYUzlraYw1/yZp6YuDY77YtvbN0dmDA==",
            "requires": {
                "shebang-regex": "^3.0.0"
            }
        },
        "shebang-regex": {
            "version": "3.0.0",
            "resolved": "https://registry.npmjs.org/shebang-regex/-/shebang-regex-3.0.0.tgz",
            "integrity": "sha512-7++dFhtcx3353uBaq8DDR4NuxBetBzC7ZQOhmTQInHEd6bSrXdiEyzCvG07Z44UYdLShWUyXt5M/yhz8ekcb1A=="
        },
        "sprintf-js": {
            "version": "1.0.3",
            "resolved": "https://registry.npmjs.org/sprintf-js/-/sprintf-js-1.0.3.tgz",
            "integrity": "sha1-BOaSb2YolTVPPdAVIDYzuFcpfiw="
        },
        "strip-ansi": {
            "version": "6.0.0",
            "resolved": "https://registry.npmjs.org/strip-ansi/-/strip-ansi-6.0.0.tgz",
            "integrity": "sha512-AuvKTrTfQNYNIctbR1K/YGTR1756GycPsg7b9bdV9Duqur4gv6aKqHXah67Z8ImS7WEz5QVcOtlfW2rZEugt6w==",
            "dev": true,
            "requires": {
                "ansi-regex": "^5.0.0"
            }
        },
        "strip-indent": {
            "version": "3.0.0",
            "resolved": "https://registry.npmjs.org/strip-indent/-/strip-indent-3.0.0.tgz",
            "integrity": "sha512-laJTa3Jb+VQpaC6DseHhF7dXVqHTfJPCRDaEbid/drOhgitgYku/letMUqOXFoWV0zIIUbjpdH2t+tYj4bQMRQ==",
            "requires": {
                "min-indent": "^1.0.0"
            }
        },
        "striptags": {
            "version": "3.1.1",
            "resolved": "https://registry.npmjs.org/striptags/-/striptags-3.1.1.tgz",
            "integrity": "sha1-yMPn/db7S7OjKjt1LltePjgJPr0="
        },
        "supports-color": {
            "version": "7.1.0",
            "resolved": "https://registry.npmjs.org/supports-color/-/supports-color-7.1.0.tgz",
            "integrity": "sha512-oRSIpR8pxT1Wr2FquTNnGet79b3BWljqOuoW/h4oBhxJ/HUbX5nX6JSruTkvXDCFMwDPvsaTTbvMLKZWSy0R5g==",
            "dev": true,
            "requires": {
                "has-flag": "^4.0.0"
            }
        },
        "sync-fetch": {
            "version": "0.2.0",
            "resolved": "https://registry.npmjs.org/sync-fetch/-/sync-fetch-0.2.0.tgz",
            "integrity": "sha512-hpGlo2YfnNYligGQl4Hk6UY2FH6xRFp5GTMAek68/kIbur7zglXiNw/2JvUbtS3HstaR4gZkrfF+vtrfm0slOw==",
            "requires": {
                "buffer": "^5.4.2",
                "node-fetch": "^2.6.0"
            },
            "dependencies": {
                "node-fetch": {
                    "version": "2.6.0",
                    "resolved": "https://registry.npmjs.org/node-fetch/-/node-fetch-2.6.0.tgz",
                    "integrity": "sha512-8dG4H5ujfvFiqDmVu9fQ5bOHUC15JMjMY/Zumv26oOvvVJjM67KF8koCWIabKQ1GJIa9r2mMZscBq/TbdOcmNA=="
                }
            }
        },
        "text-table": {
            "version": "0.2.0",
            "resolved": "https://registry.npmjs.org/text-table/-/text-table-0.2.0.tgz",
            "integrity": "sha1-f17oI66AUgfACvLfSoTsP8+lcLQ=",
            "dev": true
        },
        "through": {
            "version": "2.3.8",
            "resolved": "https://registry.npmjs.org/through/-/through-2.3.8.tgz",
            "integrity": "sha1-DdTJ/6q8NXlgsbckEV1+Doai4fU=",
            "dev": true
        },
        "tildify": {
            "version": "2.0.0",
            "resolved": "https://registry.npmjs.org/tildify/-/tildify-2.0.0.tgz",
            "integrity": "sha512-Cc+OraorugtXNfs50hU9KS369rFXCfgGLpfCfvlc+Ud5u6VWmUQsOAa9HbTvheQdYnrdJqqv1e5oIqXppMYnSw==",
            "dev": true
        },
        "tiny-emitter": {
            "version": "2.1.0",
            "resolved": "https://registry.npmjs.org/tiny-emitter/-/tiny-emitter-2.1.0.tgz",
            "integrity": "sha512-NB6Dk1A9xgQPMoGqC5CVXn123gWyte215ONT5Pp5a0yt4nlEoO1ZWeCwpncaekPHXO60i47ihFnZPiRPjRMq4Q==",
            "optional": true
        },
        "titlecase": {
            "version": "1.1.3",
            "resolved": "https://registry.npmjs.org/titlecase/-/titlecase-1.1.3.tgz",
            "integrity": "sha512-pQX4oiemzjBEELPqgK4WE+q0yhAqjp/yzusGtlSJsOuiDys0RQxggepYmo0BuegIDppYS3b3cpdegRwkpyN3hw==",
            "dev": true
        },
        "to-regex-range": {
            "version": "5.0.1",
            "resolved": "https://registry.npmjs.org/to-regex-range/-/to-regex-range-5.0.1.tgz",
            "integrity": "sha512-65P7iz6X5yEr1cwcgvQxbbIw7Uk3gOy5dIdtZ4rDveLqhrdJP+Li/Hx6tyK0NEb+2GCyneCMJiGqrADCSNk8sQ==",
            "requires": {
                "is-number": "^7.0.0"
            }
        },
        "tslib": {
            "version": "1.13.0",
            "resolved": "https://registry.npmjs.org/tslib/-/tslib-1.13.0.tgz",
            "integrity": "sha512-i/6DQjL8Xf3be4K/E6Wgpekn5Qasl1usyw++dAA35Ue5orEn65VIxOA+YvNNl9HV3qv70T7CNwjODHZrLwvd1Q=="
        },
        "unicode2latex": {
            "version": "2.1.28",
            "resolved": "https://registry.npmjs.org/unicode2latex/-/unicode2latex-2.1.28.tgz",
            "integrity": "sha512-N0ER6rpUqP9E18mTuaN9LGlDP70oMv3mexWDDcbCtgzYnx0MAHcM+Vor9gfb/1FU+vnbToQEInyqLnbi06QlBw=="
        },
        "url": {
            "version": "0.11.0",
            "resolved": "https://registry.npmjs.org/url/-/url-0.11.0.tgz",
            "integrity": "sha1-ODjpfPxgUh63PFJajlW/3Z4uKPE=",
            "requires": {
                "punycode": "1.3.2",
                "querystring": "0.2.0"
            }
        },
        "warehouse": {
            "version": "4.0.0",
            "resolved": "https://registry.npmjs.org/warehouse/-/warehouse-4.0.0.tgz",
            "integrity": "sha512-9i6/JiHzjnyene5Pvvl2D2Pd18no129YGy0C0P7x18iTz/SeO9nOBioR64XoCy5xKwBKQtl3MU361qpr0V9uXw==",
            "dev": true,
            "requires": {
                "JSONStream": "^1.0.7",
                "bluebird": "^3.2.2",
                "cuid": "^2.1.4",
                "graceful-fs": "^4.1.3",
                "is-plain-object": "^3.0.0",
                "rfdc": "^1.1.4"
            }
        },
        "whatwg-fetch": {
            "version": "3.4.0",
            "resolved": "https://registry.npmjs.org/whatwg-fetch/-/whatwg-fetch-3.4.0.tgz",
            "integrity": "sha512-rsum2ulz2iuZH08mJkT0Yi6JnKhwdw4oeyMjokgxd+mmqYSd9cPpOQf01TIWgjxG/U4+QR+AwKq6lSbXVxkyoQ=="
        },
        "which": {
            "version": "2.0.2",
            "resolved": "https://registry.npmjs.org/which/-/which-2.0.2.tgz",
            "integrity": "sha512-BLI3Tl1TW3Pvl70l3yq3Y64i+awpwXqsGBYWkkqMtnbXgrMD+yj7rhW0kuEDxzJaYXGjEW5ogapKNMEKNMjibA==",
            "requires": {
                "isexe": "^2.0.0"
            }
        },
        "wikibase-sdk": {
            "version": "7.7.0",
            "resolved": "https://registry.npmjs.org/wikibase-sdk/-/wikibase-sdk-7.7.0.tgz",
            "integrity": "sha512-k3F7aakVMAtCJGF4A5wXYd/WjBV9ObH3XWqekRAK0MLn8i7XvQzzok6A2A9VZw6qUT8X2sGwlMMTi6TJqh1KKQ=="
        },
        "wikidata-sdk": {
            "version": "7.7.0",
            "resolved": "https://registry.npmjs.org/wikidata-sdk/-/wikidata-sdk-7.7.0.tgz",
            "integrity": "sha512-FJ9CD7vohJfZ9p54iM+k01+tWh1WQHEd+ogU1MQ7KSLOJfderzgqroFAw1gYKFf1V6dLHObmHhnTrguGMR9MgQ==",
            "requires": {
                "wikibase-sdk": "^7.7.0"
            }
        },
        "xregexp": {
            "version": "4.3.0",
            "resolved": "https://registry.npmjs.org/xregexp/-/xregexp-4.3.0.tgz",
            "integrity": "sha512-7jXDIFXh5yJ/orPn4SXjuVrWWoi4Cr8jfV1eHv9CixKSbU+jY4mxfrBwAuDvupPNKpMUY+FeIqsVw/JLT9+B8g==",
            "requires": {
                "@babel/runtime-corejs3": "^7.8.3"
            }
        }
    }
}
